// !$*UTF8*$!
{
	archiveVersion = 1;
	classes = {
	};
	objectVersion = 56;
	objects = {

/* Begin PBXBuildFile section */
		140B920828F460CB00472D77 /* AppDelegate.swift in Sources */ = {isa = PBXBuildFile; fileRef = 140B920728F460CB00472D77 /* AppDelegate.swift */; };
		140B920A28F460CB00472D77 /* SceneDelegate.swift in Sources */ = {isa = PBXBuildFile; fileRef = 140B920928F460CB00472D77 /* SceneDelegate.swift */; };
		140B921128F460CD00472D77 /* Assets.xcassets in Resources */ = {isa = PBXBuildFile; fileRef = 140B921028F460CD00472D77 /* Assets.xcassets */; };
		140B921428F460CD00472D77 /* LaunchScreen.storyboard in Resources */ = {isa = PBXBuildFile; fileRef = 140B921228F460CD00472D77 /* LaunchScreen.storyboard */; };
		140B923B28F4617200472D77 /* UIView.swift in Sources */ = {isa = PBXBuildFile; fileRef = 140B923A28F4617200472D77 /* UIView.swift */; };
		140B923D28F4636B00472D77 /* Assets.swift in Sources */ = {isa = PBXBuildFile; fileRef = 140B923C28F4636B00472D77 /* Assets.swift */; };
		140B924028F465EB00472D77 /* Network.swift in Sources */ = {isa = PBXBuildFile; fileRef = 140B923F28F465EB00472D77 /* Network.swift */; };
		140B924328F46A6F00472D77 /* Articles.swift in Sources */ = {isa = PBXBuildFile; fileRef = 140B924228F46A6F00472D77 /* Articles.swift */; };
		140B924528F4817000472D77 /* Create.swift in Sources */ = {isa = PBXBuildFile; fileRef = 140B924428F4817000472D77 /* Create.swift */; };
		143311812902BEF6009A708E /* MainMenuView.swift in Sources */ = {isa = PBXBuildFile; fileRef = 143311802902BEF6009A708E /* MainMenuView.swift */; };
		143311832902C345009A708E /* UIStackView.swift in Sources */ = {isa = PBXBuildFile; fileRef = 143311822902C345009A708E /* UIStackView.swift */; };
		143311862902DFA9009A708E /* WheaterView.swift in Sources */ = {isa = PBXBuildFile; fileRef = 143311852902DFA9009A708E /* WheaterView.swift */; };
		143311882902EA93009A708E /* NewsView.swift in Sources */ = {isa = PBXBuildFile; fileRef = 143311872902EA93009A708E /* NewsView.swift */; };
		1433118A2902F56C009A708E /* NewsViewCell.swift in Sources */ = {isa = PBXBuildFile; fileRef = 143311892902F56C009A708E /* NewsViewCell.swift */; };
		14384DDA29085D7B00332933 /* CALayer.swift in Sources */ = {isa = PBXBuildFile; fileRef = 14384DD929085D7B00332933 /* CALayer.swift */; };
		14670A4229082C3600AA1B96 /* HelloView.swift in Sources */ = {isa = PBXBuildFile; fileRef = 14670A4129082C3600AA1B96 /* HelloView.swift */; };
		14670A4529082D2F00AA1B96 /* AnimalsView.swift in Sources */ = {isa = PBXBuildFile; fileRef = 14670A4429082D2F00AA1B96 /* AnimalsView.swift */; };
		14670A482908524000AA1B96 /* RingView.swift in Sources */ = {isa = PBXBuildFile; fileRef = 14670A472908524000AA1B96 /* RingView.swift */; };
		147DA8E5290959A300F33A97 /* OtherView.swift in Sources */ = {isa = PBXBuildFile; fileRef = 147DA8E4290959A300F33A97 /* OtherView.swift */; };
		147DA9012909623800F33A97 /* RxCocoa in Frameworks */ = {isa = PBXBuildFile; productRef = 147DA9002909623800F33A97 /* RxCocoa */; };
		147DA9032909623800F33A97 /* RxRelay in Frameworks */ = {isa = PBXBuildFile; productRef = 147DA9022909623800F33A97 /* RxRelay */; };
		147DA9052909623800F33A97 /* RxSwift in Frameworks */ = {isa = PBXBuildFile; productRef = 147DA9042909623800F33A97 /* RxSwift */; };
		147DA909290970BA00F33A97 /* View_0.swift in Sources */ = {isa = PBXBuildFile; fileRef = 147DA908290970BA00F33A97 /* View_0.swift */; };
/* End PBXBuildFile section */

/* Begin PBXContainerItemProxy section */
		140B921B28F460CD00472D77 /* PBXContainerItemProxy */ = {
			isa = PBXContainerItemProxy;
			containerPortal = 140B91FC28F460CB00472D77 /* Project object */;
			proxyType = 1;
			remoteGlobalIDString = 140B920328F460CB00472D77;
			remoteInfo = News;
		};
		140B922528F460CD00472D77 /* PBXContainerItemProxy */ = {
			isa = PBXContainerItemProxy;
			containerPortal = 140B91FC28F460CB00472D77 /* Project object */;
			proxyType = 1;
			remoteGlobalIDString = 140B920328F460CB00472D77;
			remoteInfo = News;
		};
/* End PBXContainerItemProxy section */

/* Begin PBXFileReference section */
		140B920428F460CB00472D77 /* News.app */ = {isa = PBXFileReference; explicitFileType = wrapper.application; includeInIndex = 0; path = News.app; sourceTree = BUILT_PRODUCTS_DIR; };
		140B920728F460CB00472D77 /* AppDelegate.swift */ = {isa = PBXFileReference; lastKnownFileType = sourcecode.swift; path = AppDelegate.swift; sourceTree = "<group>"; };
		140B920928F460CB00472D77 /* SceneDelegate.swift */ = {isa = PBXFileReference; lastKnownFileType = sourcecode.swift; path = SceneDelegate.swift; sourceTree = "<group>"; };
		140B921028F460CD00472D77 /* Assets.xcassets */ = {isa = PBXFileReference; lastKnownFileType = folder.assetcatalog; path = Assets.xcassets; sourceTree = "<group>"; };
		140B921328F460CD00472D77 /* Base */ = {isa = PBXFileReference; lastKnownFileType = file.storyboard; name = Base; path = Base.lproj/LaunchScreen.storyboard; sourceTree = "<group>"; };
		140B921528F460CD00472D77 /* Info.plist */ = {isa = PBXFileReference; lastKnownFileType = text.plist.xml; path = Info.plist; sourceTree = "<group>"; };
		140B921A28F460CD00472D77 /* NewsTests.xctest */ = {isa = PBXFileReference; explicitFileType = wrapper.cfbundle; includeInIndex = 0; path = NewsTests.xctest; sourceTree = BUILT_PRODUCTS_DIR; };
		140B922428F460CD00472D77 /* NewsUITests.xctest */ = {isa = PBXFileReference; explicitFileType = wrapper.cfbundle; includeInIndex = 0; path = NewsUITests.xctest; sourceTree = BUILT_PRODUCTS_DIR; };
		140B923A28F4617200472D77 /* UIView.swift */ = {isa = PBXFileReference; lastKnownFileType = sourcecode.swift; path = UIView.swift; sourceTree = "<group>"; };
		140B923C28F4636B00472D77 /* Assets.swift */ = {isa = PBXFileReference; lastKnownFileType = sourcecode.swift; path = Assets.swift; sourceTree = "<group>"; };
		140B923F28F465EB00472D77 /* Network.swift */ = {isa = PBXFileReference; lastKnownFileType = sourcecode.swift; path = Network.swift; sourceTree = "<group>"; };
		140B924228F46A6F00472D77 /* Articles.swift */ = {isa = PBXFileReference; lastKnownFileType = sourcecode.swift; path = Articles.swift; sourceTree = "<group>"; };
		140B924428F4817000472D77 /* Create.swift */ = {isa = PBXFileReference; lastKnownFileType = sourcecode.swift; path = Create.swift; sourceTree = "<group>"; };
		143311802902BEF6009A708E /* MainMenuView.swift */ = {isa = PBXFileReference; lastKnownFileType = sourcecode.swift; path = MainMenuView.swift; sourceTree = "<group>"; };
		143311822902C345009A708E /* UIStackView.swift */ = {isa = PBXFileReference; lastKnownFileType = sourcecode.swift; path = UIStackView.swift; sourceTree = "<group>"; };
		143311852902DFA9009A708E /* WheaterView.swift */ = {isa = PBXFileReference; lastKnownFileType = sourcecode.swift; path = WheaterView.swift; sourceTree = "<group>"; };
		143311872902EA93009A708E /* NewsView.swift */ = {isa = PBXFileReference; lastKnownFileType = sourcecode.swift; path = NewsView.swift; sourceTree = "<group>"; };
		143311892902F56C009A708E /* NewsViewCell.swift */ = {isa = PBXFileReference; lastKnownFileType = sourcecode.swift; path = NewsViewCell.swift; sourceTree = "<group>"; };
		14384DD929085D7B00332933 /* CALayer.swift */ = {isa = PBXFileReference; lastKnownFileType = sourcecode.swift; path = CALayer.swift; sourceTree = "<group>"; };
		14670A4129082C3600AA1B96 /* HelloView.swift */ = {isa = PBXFileReference; lastKnownFileType = sourcecode.swift; path = HelloView.swift; sourceTree = "<group>"; };
		14670A4429082D2F00AA1B96 /* AnimalsView.swift */ = {isa = PBXFileReference; lastKnownFileType = sourcecode.swift; path = AnimalsView.swift; sourceTree = "<group>"; };
		14670A472908524000AA1B96 /* RingView.swift */ = {isa = PBXFileReference; lastKnownFileType = sourcecode.swift; path = RingView.swift; sourceTree = "<group>"; };
		147DA8E4290959A300F33A97 /* OtherView.swift */ = {isa = PBXFileReference; lastKnownFileType = sourcecode.swift; path = OtherView.swift; sourceTree = "<group>"; };
		147DA908290970BA00F33A97 /* View_0.swift */ = {isa = PBXFileReference; lastKnownFileType = sourcecode.swift; path = View_0.swift; sourceTree = "<group>"; };
/* End PBXFileReference section */

/* Begin PBXFrameworksBuildPhase section */
		140B920128F460CB00472D77 /* Frameworks */ = {
			isa = PBXFrameworksBuildPhase;
			buildActionMask = 2147483647;
			files = (
				147DA9052909623800F33A97 /* RxSwift in Frameworks */,
				147DA9032909623800F33A97 /* RxRelay in Frameworks */,
				147DA9012909623800F33A97 /* RxCocoa in Frameworks */,
			);
			runOnlyForDeploymentPostprocessing = 0;
		};
		140B921728F460CD00472D77 /* Frameworks */ = {
			isa = PBXFrameworksBuildPhase;
			buildActionMask = 2147483647;
			files = (
			);
			runOnlyForDeploymentPostprocessing = 0;
		};
		140B922128F460CD00472D77 /* Frameworks */ = {
			isa = PBXFrameworksBuildPhase;
			buildActionMask = 2147483647;
			files = (
			);
			runOnlyForDeploymentPostprocessing = 0;
		};
/* End PBXFrameworksBuildPhase section */

/* Begin PBXGroup section */
		140B91FB28F460CB00472D77 = {
			isa = PBXGroup;
			children = (
				140B920628F460CB00472D77 /* News */,
				140B920528F460CB00472D77 /* Products */,
			);
			sourceTree = "<group>";
		};
		140B920528F460CB00472D77 /* Products */ = {
			isa = PBXGroup;
			children = (
				140B920428F460CB00472D77 /* News.app */,
				140B921A28F460CD00472D77 /* NewsTests.xctest */,
				140B922428F460CD00472D77 /* NewsUITests.xctest */,
			);
			name = Products;
			sourceTree = "<group>";
		};
		140B920628F460CB00472D77 /* News */ = {
			isa = PBXGroup;
			children = (
				144E15182902BEA40071CE79 /* MainMenu */,
				140B923828F4615800472D77 /* AppDelegate */,
				140B923728F4615000472D77 /* AppUtils */,
				140B921228F460CD00472D77 /* LaunchScreen.storyboard */,
				140B921528F460CD00472D77 /* Info.plist */,
			);
			path = News;
			sourceTree = "<group>";
		};
		140B923728F4615000472D77 /* AppUtils */ = {
			isa = PBXGroup;
			children = (
				140B923E28F465DC00472D77 /* Network */,
				140B923928F4616600472D77 /* Extension */,
				140B921028F460CD00472D77 /* Assets.xcassets */,
				140B923C28F4636B00472D77 /* Assets.swift */,
				140B924428F4817000472D77 /* Create.swift */,
			);
			path = AppUtils;
			sourceTree = "<group>";
		};
		140B923828F4615800472D77 /* AppDelegate */ = {
			isa = PBXGroup;
			children = (
				140B920728F460CB00472D77 /* AppDelegate.swift */,
				140B920928F460CB00472D77 /* SceneDelegate.swift */,
			);
			path = AppDelegate;
			sourceTree = "<group>";
		};
		140B923928F4616600472D77 /* Extension */ = {
			isa = PBXGroup;
			children = (
				140B923A28F4617200472D77 /* UIView.swift */,
				143311822902C345009A708E /* UIStackView.swift */,
				14384DD929085D7B00332933 /* CALayer.swift */,
			);
			path = Extension;
			sourceTree = "<group>";
		};
		140B923E28F465DC00472D77 /* Network */ = {
			isa = PBXGroup;
			children = (
				140B924128F46A5700472D77 /* Model */,
				140B923F28F465EB00472D77 /* Network.swift */,
			);
			path = Network;
			sourceTree = "<group>";
		};
		140B924128F46A5700472D77 /* Model */ = {
			isa = PBXGroup;
			children = (
				140B924228F46A6F00472D77 /* Articles.swift */,
			);
			path = Model;
			sourceTree = "<group>";
		};
		140B924628F484CD00472D77 /* News */ = {
			isa = PBXGroup;
			children = (
				140B924828F4853B00472D77 /* View */,
			);
			path = News;
			sourceTree = "<group>";
		};
		140B924728F4853400472D77 /* Cell */ = {
			isa = PBXGroup;
			children = (
				143311892902F56C009A708E /* NewsViewCell.swift */,
			);
			path = Cell;
			sourceTree = "<group>";
		};
		140B924828F4853B00472D77 /* View */ = {
			isa = PBXGroup;
			children = (
				140B924728F4853400472D77 /* Cell */,
				143311872902EA93009A708E /* NewsView.swift */,
			);
			path = View;
			sourceTree = "<group>";
		};
		143311842902DF8D009A708E /* Wheater */ = {
			isa = PBXGroup;
			children = (
				143311852902DFA9009A708E /* WheaterView.swift */,
			);
			path = Wheater;
			sourceTree = "<group>";
		};
		144E15182902BEA40071CE79 /* MainMenu */ = {
			isa = PBXGroup;
			children = (
				147DA9062909709F00F33A97 /* RXSwift */,
				147DA8E32909599300F33A97 /* Other */,
				14670A462908522800AA1B96 /* RingView */,
				14670A4029082C2700AA1B96 /* HelloView */,
				140B924628F484CD00472D77 /* News */,
				143311842902DF8D009A708E /* Wheater */,
				143311802902BEF6009A708E /* MainMenuView.swift */,
			);
			path = MainMenu;
			sourceTree = "<group>";
		};
		14670A4029082C2700AA1B96 /* HelloView */ = {
			isa = PBXGroup;
			children = (
				14670A4329082CF600AA1B96 /* AnimalsView */,
				14670A4129082C3600AA1B96 /* HelloView.swift */,
			);
			path = HelloView;
			sourceTree = "<group>";
		};
		14670A4329082CF600AA1B96 /* AnimalsView */ = {
			isa = PBXGroup;
			children = (
				14670A4429082D2F00AA1B96 /* AnimalsView.swift */,
			);
			path = AnimalsView;
			sourceTree = "<group>";
		};
		14670A462908522800AA1B96 /* RingView */ = {
			isa = PBXGroup;
			children = (
				14670A472908524000AA1B96 /* RingView.swift */,
			);
			path = RingView;
			sourceTree = "<group>";
		};
		147DA8E32909599300F33A97 /* Other */ = {
			isa = PBXGroup;
			children = (
				147DA8E4290959A300F33A97 /* OtherView.swift */,
			);
			path = Other;
			sourceTree = "<group>";
		};
		147DA9062909709F00F33A97 /* RXSwift */ = {
			isa = PBXGroup;
			children = (
				147DA907290970AB00F33A97 /* View_0 */,
			);
			path = RXSwift;
			sourceTree = "<group>";
		};
		147DA907290970AB00F33A97 /* View_0 */ = {
			isa = PBXGroup;
			children = (
				147DA908290970BA00F33A97 /* View_0.swift */,
			);
			path = View_0;
			sourceTree = "<group>";
		};
/* End PBXGroup section */

/* Begin PBXNativeTarget section */
		140B920328F460CB00472D77 /* News */ = {
			isa = PBXNativeTarget;
			buildConfigurationList = 140B922E28F460CD00472D77 /* Build configuration list for PBXNativeTarget "News" */;
			buildPhases = (
				140B920028F460CB00472D77 /* Sources */,
				140B920128F460CB00472D77 /* Frameworks */,
				140B920228F460CB00472D77 /* Resources */,
			);
			buildRules = (
			);
			dependencies = (
			);
			name = News;
			packageProductDependencies = (
				147DA9002909623800F33A97 /* RxCocoa */,
				147DA9022909623800F33A97 /* RxRelay */,
				147DA9042909623800F33A97 /* RxSwift */,
			);
			productName = News;
			productReference = 140B920428F460CB00472D77 /* News.app */;
			productType = "com.apple.product-type.application";
		};
		140B921928F460CD00472D77 /* NewsTests */ = {
			isa = PBXNativeTarget;
			buildConfigurationList = 140B923128F460CD00472D77 /* Build configuration list for PBXNativeTarget "NewsTests" */;
			buildPhases = (
				140B921628F460CD00472D77 /* Sources */,
				140B921728F460CD00472D77 /* Frameworks */,
				140B921828F460CD00472D77 /* Resources */,
			);
			buildRules = (
			);
			dependencies = (
				140B921C28F460CD00472D77 /* PBXTargetDependency */,
			);
			name = NewsTests;
			productName = NewsTests;
			productReference = 140B921A28F460CD00472D77 /* NewsTests.xctest */;
			productType = "com.apple.product-type.bundle.unit-test";
		};
		140B922328F460CD00472D77 /* NewsUITests */ = {
			isa = PBXNativeTarget;
			buildConfigurationList = 140B923428F460CD00472D77 /* Build configuration list for PBXNativeTarget "NewsUITests" */;
			buildPhases = (
				140B922028F460CD00472D77 /* Sources */,
				140B922128F460CD00472D77 /* Frameworks */,
				140B922228F460CD00472D77 /* Resources */,
			);
			buildRules = (
			);
			dependencies = (
				140B922628F460CD00472D77 /* PBXTargetDependency */,
			);
			name = NewsUITests;
			productName = NewsUITests;
			productReference = 140B922428F460CD00472D77 /* NewsUITests.xctest */;
			productType = "com.apple.product-type.bundle.ui-testing";
		};
/* End PBXNativeTarget section */

/* Begin PBXProject section */
		140B91FC28F460CB00472D77 /* Project object */ = {
			isa = PBXProject;
			attributes = {
				BuildIndependentTargetsInParallel = 1;
				LastSwiftUpdateCheck = 1400;
				LastUpgradeCheck = 1400;
				TargetAttributes = {
					140B920328F460CB00472D77 = {
						CreatedOnToolsVersion = 14.0.1;
					};
					140B921928F460CD00472D77 = {
						CreatedOnToolsVersion = 14.0.1;
						TestTargetID = 140B920328F460CB00472D77;
					};
					140B922328F460CD00472D77 = {
						CreatedOnToolsVersion = 14.0.1;
						TestTargetID = 140B920328F460CB00472D77;
					};
				};
			};
			buildConfigurationList = 140B91FF28F460CB00472D77 /* Build configuration list for PBXProject "News" */;
			compatibilityVersion = "Xcode 14.0";
			developmentRegion = en;
			hasScannedForEncodings = 0;
			knownRegions = (
				en,
				Base,
			);
			mainGroup = 140B91FB28F460CB00472D77;
			packageReferences = (
				147DA8FF2909623800F33A97 /* XCRemoteSwiftPackageReference "RxSwift" */,
			);
			productRefGroup = 140B920528F460CB00472D77 /* Products */;
			projectDirPath = "";
			projectRoot = "";
			targets = (
				140B920328F460CB00472D77 /* News */,
				140B921928F460CD00472D77 /* NewsTests */,
				140B922328F460CD00472D77 /* NewsUITests */,
			);
		};
/* End PBXProject section */

/* Begin PBXResourcesBuildPhase section */
		140B920228F460CB00472D77 /* Resources */ = {
			isa = PBXResourcesBuildPhase;
			buildActionMask = 2147483647;
			files = (
				140B921428F460CD00472D77 /* LaunchScreen.storyboard in Resources */,
				140B921128F460CD00472D77 /* Assets.xcassets in Resources */,
			);
			runOnlyForDeploymentPostprocessing = 0;
		};
		140B921828F460CD00472D77 /* Resources */ = {
			isa = PBXResourcesBuildPhase;
			buildActionMask = 2147483647;
			files = (
			);
			runOnlyForDeploymentPostprocessing = 0;
		};
		140B922228F460CD00472D77 /* Resources */ = {
			isa = PBXResourcesBuildPhase;
			buildActionMask = 2147483647;
			files = (
			);
			runOnlyForDeploymentPostprocessing = 0;
		};
/* End PBXResourcesBuildPhase section */

/* Begin PBXSourcesBuildPhase section */
		140B920028F460CB00472D77 /* Sources */ = {
			isa = PBXSourcesBuildPhase;
			buildActionMask = 2147483647;
			files = (
				14670A482908524000AA1B96 /* RingView.swift in Sources */,
				14670A4229082C3600AA1B96 /* HelloView.swift in Sources */,
				140B924328F46A6F00472D77 /* Articles.swift in Sources */,
				143311812902BEF6009A708E /* MainMenuView.swift in Sources */,
				140B923B28F4617200472D77 /* UIView.swift in Sources */,
				147DA909290970BA00F33A97 /* View_0.swift in Sources */,
				143311862902DFA9009A708E /* WheaterView.swift in Sources */,
				143311882902EA93009A708E /* NewsView.swift in Sources */,
				140B924528F4817000472D77 /* Create.swift in Sources */,
				140B924028F465EB00472D77 /* Network.swift in Sources */,
				14384DDA29085D7B00332933 /* CALayer.swift in Sources */,
				143311832902C345009A708E /* UIStackView.swift in Sources */,
				140B920828F460CB00472D77 /* AppDelegate.swift in Sources */,
				140B920A28F460CB00472D77 /* SceneDelegate.swift in Sources */,
				140B923D28F4636B00472D77 /* Assets.swift in Sources */,
				147DA8E5290959A300F33A97 /* OtherView.swift in Sources */,
				14670A4529082D2F00AA1B96 /* AnimalsView.swift in Sources */,
				1433118A2902F56C009A708E /* NewsViewCell.swift in Sources */,
			);
			runOnlyForDeploymentPostprocessing = 0;
		};
		140B921628F460CD00472D77 /* Sources */ = {
			isa = PBXSourcesBuildPhase;
			buildActionMask = 2147483647;
			files = (
			);
			runOnlyForDeploymentPostprocessing = 0;
		};
		140B922028F460CD00472D77 /* Sources */ = {
			isa = PBXSourcesBuildPhase;
			buildActionMask = 2147483647;
			files = (
			);
			runOnlyForDeploymentPostprocessing = 0;
		};
/* End PBXSourcesBuildPhase section */

/* Begin PBXTargetDependency section */
		140B921C28F460CD00472D77 /* PBXTargetDependency */ = {
			isa = PBXTargetDependency;
			target = 140B920328F460CB00472D77 /* News */;
			targetProxy = 140B921B28F460CD00472D77 /* PBXContainerItemProxy */;
		};
		140B922628F460CD00472D77 /* PBXTargetDependency */ = {
			isa = PBXTargetDependency;
			target = 140B920328F460CB00472D77 /* News */;
			targetProxy = 140B922528F460CD00472D77 /* PBXContainerItemProxy */;
		};
/* End PBXTargetDependency section */

/* Begin PBXVariantGroup section */
		140B921228F460CD00472D77 /* LaunchScreen.storyboard */ = {
			isa = PBXVariantGroup;
			children = (
				140B921328F460CD00472D77 /* Base */,
			);
			name = LaunchScreen.storyboard;
			sourceTree = "<group>";
		};
/* End PBXVariantGroup section */

/* Begin XCBuildConfiguration section */
		140B922C28F460CD00472D77 /* Debug */ = {
			isa = XCBuildConfiguration;
			buildSettings = {
				ALWAYS_SEARCH_USER_PATHS = NO;
				CLANG_ANALYZER_NONNULL = YES;
				CLANG_ANALYZER_NUMBER_OBJECT_CONVERSION = YES_AGGRESSIVE;
				CLANG_CXX_LANGUAGE_STANDARD = "gnu++20";
				CLANG_ENABLE_MODULES = YES;
				CLANG_ENABLE_OBJC_ARC = YES;
				CLANG_ENABLE_OBJC_WEAK = YES;
				CLANG_WARN_BLOCK_CAPTURE_AUTORELEASING = YES;
				CLANG_WARN_BOOL_CONVERSION = YES;
				CLANG_WARN_COMMA = YES;
				CLANG_WARN_CONSTANT_CONVERSION = YES;
				CLANG_WARN_DEPRECATED_OBJC_IMPLEMENTATIONS = YES;
				CLANG_WARN_DIRECT_OBJC_ISA_USAGE = YES_ERROR;
				CLANG_WARN_DOCUMENTATION_COMMENTS = YES;
				CLANG_WARN_EMPTY_BODY = YES;
				CLANG_WARN_ENUM_CONVERSION = YES;
				CLANG_WARN_INFINITE_RECURSION = YES;
				CLANG_WARN_INT_CONVERSION = YES;
				CLANG_WARN_NON_LITERAL_NULL_CONVERSION = YES;
				CLANG_WARN_OBJC_IMPLICIT_RETAIN_SELF = YES;
				CLANG_WARN_OBJC_LITERAL_CONVERSION = YES;
				CLANG_WARN_OBJC_ROOT_CLASS = YES_ERROR;
				CLANG_WARN_QUOTED_INCLUDE_IN_FRAMEWORK_HEADER = YES;
				CLANG_WARN_RANGE_LOOP_ANALYSIS = YES;
				CLANG_WARN_STRICT_PROTOTYPES = YES;
				CLANG_WARN_SUSPICIOUS_MOVE = YES;
				CLANG_WARN_UNGUARDED_AVAILABILITY = YES_AGGRESSIVE;
				CLANG_WARN_UNREACHABLE_CODE = YES;
				CLANG_WARN__DUPLICATE_METHOD_MATCH = YES;
				COPY_PHASE_STRIP = NO;
				DEBUG_INFORMATION_FORMAT = dwarf;
				ENABLE_STRICT_OBJC_MSGSEND = YES;
				ENABLE_TESTABILITY = YES;
				GCC_C_LANGUAGE_STANDARD = gnu11;
				GCC_DYNAMIC_NO_PIC = NO;
				GCC_NO_COMMON_BLOCKS = YES;
				GCC_OPTIMIZATION_LEVEL = 0;
				GCC_PREPROCESSOR_DEFINITIONS = (
					"DEBUG=1",
					"$(inherited)",
				);
				GCC_WARN_64_TO_32_BIT_CONVERSION = YES;
				GCC_WARN_ABOUT_RETURN_TYPE = YES_ERROR;
				GCC_WARN_UNDECLARED_SELECTOR = YES;
				GCC_WARN_UNINITIALIZED_AUTOS = YES_AGGRESSIVE;
				GCC_WARN_UNUSED_FUNCTION = YES;
				GCC_WARN_UNUSED_VARIABLE = YES;
				IPHONEOS_DEPLOYMENT_TARGET = 16.0;
				MTL_ENABLE_DEBUG_INFO = INCLUDE_SOURCE;
				MTL_FAST_MATH = YES;
				ONLY_ACTIVE_ARCH = YES;
				SDKROOT = iphoneos;
				SWIFT_ACTIVE_COMPILATION_CONDITIONS = DEBUG;
				SWIFT_OPTIMIZATION_LEVEL = "-Onone";
			};
			name = Debug;
		};
		140B922D28F460CD00472D77 /* Release */ = {
			isa = XCBuildConfiguration;
			buildSettings = {
				ALWAYS_SEARCH_USER_PATHS = NO;
				CLANG_ANALYZER_NONNULL = YES;
				CLANG_ANALYZER_NUMBER_OBJECT_CONVERSION = YES_AGGRESSIVE;
				CLANG_CXX_LANGUAGE_STANDARD = "gnu++20";
				CLANG_ENABLE_MODULES = YES;
				CLANG_ENABLE_OBJC_ARC = YES;
				CLANG_ENABLE_OBJC_WEAK = YES;
				CLANG_WARN_BLOCK_CAPTURE_AUTORELEASING = YES;
				CLANG_WARN_BOOL_CONVERSION = YES;
				CLANG_WARN_COMMA = YES;
				CLANG_WARN_CONSTANT_CONVERSION = YES;
				CLANG_WARN_DEPRECATED_OBJC_IMPLEMENTATIONS = YES;
				CLANG_WARN_DIRECT_OBJC_ISA_USAGE = YES_ERROR;
				CLANG_WARN_DOCUMENTATION_COMMENTS = YES;
				CLANG_WARN_EMPTY_BODY = YES;
				CLANG_WARN_ENUM_CONVERSION = YES;
				CLANG_WARN_INFINITE_RECURSION = YES;
				CLANG_WARN_INT_CONVERSION = YES;
				CLANG_WARN_NON_LITERAL_NULL_CONVERSION = YES;
				CLANG_WARN_OBJC_IMPLICIT_RETAIN_SELF = YES;
				CLANG_WARN_OBJC_LITERAL_CONVERSION = YES;
				CLANG_WARN_OBJC_ROOT_CLASS = YES_ERROR;
				CLANG_WARN_QUOTED_INCLUDE_IN_FRAMEWORK_HEADER = YES;
				CLANG_WARN_RANGE_LOOP_ANALYSIS = YES;
				CLANG_WARN_STRICT_PROTOTYPES = YES;
				CLANG_WARN_SUSPICIOUS_MOVE = YES;
				CLANG_WARN_UNGUARDED_AVAILABILITY = YES_AGGRESSIVE;
				CLANG_WARN_UNREACHABLE_CODE = YES;
				CLANG_WARN__DUPLICATE_METHOD_MATCH = YES;
				COPY_PHASE_STRIP = NO;
				DEBUG_INFORMATION_FORMAT = "dwarf-with-dsym";
				ENABLE_NS_ASSERTIONS = NO;
				ENABLE_STRICT_OBJC_MSGSEND = YES;
				GCC_C_LANGUAGE_STANDARD = gnu11;
				GCC_NO_COMMON_BLOCKS = YES;
				GCC_WARN_64_TO_32_BIT_CONVERSION = YES;
				GCC_WARN_ABOUT_RETURN_TYPE = YES_ERROR;
				GCC_WARN_UNDECLARED_SELECTOR = YES;
				GCC_WARN_UNINITIALIZED_AUTOS = YES_AGGRESSIVE;
				GCC_WARN_UNUSED_FUNCTION = YES;
				GCC_WARN_UNUSED_VARIABLE = YES;
				IPHONEOS_DEPLOYMENT_TARGET = 16.0;
				MTL_ENABLE_DEBUG_INFO = NO;
				MTL_FAST_MATH = YES;
				SDKROOT = iphoneos;
				SWIFT_COMPILATION_MODE = wholemodule;
				SWIFT_OPTIMIZATION_LEVEL = "-O";
				VALIDATE_PRODUCT = YES;
			};
			name = Release;
		};
		140B922F28F460CD00472D77 /* Debug */ = {
			isa = XCBuildConfiguration;
			buildSettings = {
				ASSETCATALOG_COMPILER_APPICON_NAME = AppIcon;
				ASSETCATALOG_COMPILER_GLOBAL_ACCENT_COLOR_NAME = AccentColor;
				CODE_SIGN_STYLE = Automatic;
				CURRENT_PROJECT_VERSION = 1;
				GENERATE_INFOPLIST_FILE = YES;
				INFOPLIST_FILE = News/Info.plist;
				INFOPLIST_KEY_UIApplicationSupportsIndirectInputEvents = YES;
				INFOPLIST_KEY_UILaunchStoryboardName = LaunchScreen;
				INFOPLIST_KEY_UIMainStoryboardFile = "";
				INFOPLIST_KEY_UISupportedInterfaceOrientations_iPad = "UIInterfaceOrientationPortrait UIInterfaceOrientationPortraitUpsideDown UIInterfaceOrientationLandscapeLeft UIInterfaceOrientationLandscapeRight";
				INFOPLIST_KEY_UISupportedInterfaceOrientations_iPhone = "UIInterfaceOrientationPortrait UIInterfaceOrientationLandscapeLeft UIInterfaceOrientationLandscapeRight";
				LD_RUNPATH_SEARCH_PATHS = (
					"$(inherited)",
					"@executable_path/Frameworks",
				);
				MARKETING_VERSION = 1.0;
				PRODUCT_BUNDLE_IDENTIFIER = "-Sys.News";
				PRODUCT_NAME = "$(TARGET_NAME)";
				SWIFT_EMIT_LOC_STRINGS = YES;
				SWIFT_VERSION = 5.0;
				TARGETED_DEVICE_FAMILY = "1,2";
			};
			name = Debug;
		};
		140B923028F460CD00472D77 /* Release */ = {
			isa = XCBuildConfiguration;
			buildSettings = {
				ASSETCATALOG_COMPILER_APPICON_NAME = AppIcon;
				ASSETCATALOG_COMPILER_GLOBAL_ACCENT_COLOR_NAME = AccentColor;
				CODE_SIGN_STYLE = Automatic;
				CURRENT_PROJECT_VERSION = 1;
				GENERATE_INFOPLIST_FILE = YES;
				INFOPLIST_FILE = News/Info.plist;
				INFOPLIST_KEY_UIApplicationSupportsIndirectInputEvents = YES;
				INFOPLIST_KEY_UILaunchStoryboardName = LaunchScreen;
				INFOPLIST_KEY_UIMainStoryboardFile = "";
				INFOPLIST_KEY_UISupportedInterfaceOrientations_iPad = "UIInterfaceOrientationPortrait UIInterfaceOrientationPortraitUpsideDown UIInterfaceOrientationLandscapeLeft UIInterfaceOrientationLandscapeRight";
				INFOPLIST_KEY_UISupportedInterfaceOrientations_iPhone = "UIInterfaceOrientationPortrait UIInterfaceOrientationLandscapeLeft UIInterfaceOrientationLandscapeRight";
				LD_RUNPATH_SEARCH_PATHS = (
					"$(inherited)",
					"@executable_path/Frameworks",
				);
				MARKETING_VERSION = 1.0;
				PRODUCT_BUNDLE_IDENTIFIER = "-Sys.News";
				PRODUCT_NAME = "$(TARGET_NAME)";
				SWIFT_EMIT_LOC_STRINGS = YES;
				SWIFT_VERSION = 5.0;
				TARGETED_DEVICE_FAMILY = "1,2";
			};
			name = Release;
		};
		140B923228F460CD00472D77 /* Debug */ = {
			isa = XCBuildConfiguration;
			buildSettings = {
				ALWAYS_EMBED_SWIFT_STANDARD_LIBRARIES = YES;
				BUNDLE_LOADER = "$(TEST_HOST)";
				CODE_SIGN_STYLE = Automatic;
				CURRENT_PROJECT_VERSION = 1;
				GENERATE_INFOPLIST_FILE = YES;
				IPHONEOS_DEPLOYMENT_TARGET = 16.0;
				MARKETING_VERSION = 1.0;
				PRODUCT_BUNDLE_IDENTIFIER = "-Sys.NewsTests";
				PRODUCT_NAME = "$(TARGET_NAME)";
				SWIFT_EMIT_LOC_STRINGS = NO;
				SWIFT_VERSION = 5.0;
				TARGETED_DEVICE_FAMILY = "1,2";
				TEST_HOST = "$(BUILT_PRODUCTS_DIR)/News.app/$(BUNDLE_EXECUTABLE_FOLDER_PATH)/News";
			};
			name = Debug;
		};
		140B923328F460CD00472D77 /* Release */ = {
			isa = XCBuildConfiguration;
			buildSettings = {
				ALWAYS_EMBED_SWIFT_STANDARD_LIBRARIES = YES;
				BUNDLE_LOADER = "$(TEST_HOST)";
				CODE_SIGN_STYLE = Automatic;
				CURRENT_PROJECT_VERSION = 1;
				GENERATE_INFOPLIST_FILE = YES;
				IPHONEOS_DEPLOYMENT_TARGET = 16.0;
				MARKETING_VERSION = 1.0;
				PRODUCT_BUNDLE_IDENTIFIER = "-Sys.NewsTests";
				PRODUCT_NAME = "$(TARGET_NAME)";
				SWIFT_EMIT_LOC_STRINGS = NO;
				SWIFT_VERSION = 5.0;
				TARGETED_DEVICE_FAMILY = "1,2";
				TEST_HOST = "$(BUILT_PRODUCTS_DIR)/News.app/$(BUNDLE_EXECUTABLE_FOLDER_PATH)/News";
			};
			name = Release;
		};
		140B923528F460CD00472D77 /* Debug */ = {
			isa = XCBuildConfiguration;
			buildSettings = {
				ALWAYS_EMBED_SWIFT_STANDARD_LIBRARIES = YES;
				CODE_SIGN_STYLE = Automatic;
				CURRENT_PROJECT_VERSION = 1;
				GENERATE_INFOPLIST_FILE = YES;
				MARKETING_VERSION = 1.0;
				PRODUCT_BUNDLE_IDENTIFIER = "-Sys.NewsUITests";
				PRODUCT_NAME = "$(TARGET_NAME)";
				SWIFT_EMIT_LOC_STRINGS = NO;
				SWIFT_VERSION = 5.0;
				TARGETED_DEVICE_FAMILY = "1,2";
				TEST_TARGET_NAME = News;
			};
			name = Debug;
		};
		140B923628F460CD00472D77 /* Release */ = {
			isa = XCBuildConfiguration;
			buildSettings = {
				ALWAYS_EMBED_SWIFT_STANDARD_LIBRARIES = YES;
				CODE_SIGN_STYLE = Automatic;
				CURRENT_PROJECT_VERSION = 1;
				GENERATE_INFOPLIST_FILE = YES;
				MARKETING_VERSION = 1.0;
				PRODUCT_BUNDLE_IDENTIFIER = "-Sys.NewsUITests";
				PRODUCT_NAME = "$(TARGET_NAME)";
				SWIFT_EMIT_LOC_STRINGS = NO;
				SWIFT_VERSION = 5.0;
				TARGETED_DEVICE_FAMILY = "1,2";
				TEST_TARGET_NAME = News;
			};
			name = Release;
		};
/* End XCBuildConfiguration section */

/* Begin XCConfigurationList section */
		140B91FF28F460CB00472D77 /* Build configuration list for PBXProject "News" */ = {
			isa = XCConfigurationList;
			buildConfigurations = (
				140B922C28F460CD00472D77 /* Debug */,
				140B922D28F460CD00472D77 /* Release */,
			);
			defaultConfigurationIsVisible = 0;
			defaultConfigurationName = Release;
		};
		140B922E28F460CD00472D77 /* Build configuration list for PBXNativeTarget "News" */ = {
			isa = XCConfigurationList;
			buildConfigurations = (
				140B922F28F460CD00472D77 /* Debug */,
				140B923028F460CD00472D77 /* Release */,
			);
			defaultConfigurationIsVisible = 0;
			defaultConfigurationName = Release;
		};
		140B923128F460CD00472D77 /* Build configuration list for PBXNativeTarget "NewsTests" */ = {
			isa = XCConfigurationList;
			buildConfigurations = (
				140B923228F460CD00472D77 /* Debug */,
				140B923328F460CD00472D77 /* Release */,
			);
			defaultConfigurationIsVisible = 0;
			defaultConfigurationName = Release;
		};
		140B923428F460CD00472D77 /* Build configuration list for PBXNativeTarget "NewsUITests" */ = {
			isa = XCConfigurationList;
			buildConfigurations = (
				140B923528F460CD00472D77 /* Debug */,
				140B923628F460CD00472D77 /* Release */,
			);
			defaultConfigurationIsVisible = 0;
			defaultConfigurationName = Release;
		};
/* End XCConfigurationList section */

/* Begin XCRemoteSwiftPackageReference section */
		147DA8FF2909623800F33A97 /* XCRemoteSwiftPackageReference "RxSwift" */ = {
			isa = XCRemoteSwiftPackageReference;
			repositoryURL = "https://github.com/ReactiveX/RxSwift.git";
			requirement = {
				branch = main;
				kind = branch;
			};
		};
/* End XCRemoteSwiftPackageReference section */

/* Begin XCSwiftPackageProductDependency section */
		147DA9002909623800F33A97 /* RxCocoa */ = {
			isa = XCSwiftPackageProductDependency;
			package = 147DA8FF2909623800F33A97 /* XCRemoteSwiftPackageReference "RxSwift" */;
			productName = RxCocoa;
		};
		147DA9022909623800F33A97 /* RxRelay */ = {
			isa = XCSwiftPackageProductDependency;
			package = 147DA8FF2909623800F33A97 /* XCRemoteSwiftPackageReference "RxSwift" */;
			productName = RxRelay;
		};
		147DA9042909623800F33A97 /* RxSwift */ = {
			isa = XCSwiftPackageProductDependency;
			package = 147DA8FF2909623800F33A97 /* XCRemoteSwiftPackageReference "RxSwift" */;
			productName = RxSwift;
		};
/* End XCSwiftPackageProductDependency section */
	};
	rootObject = 140B91FC28F460CB00472D77 /* Project object */;
}
